
Microsoft Visual Studio Solution File, Format Version 12.00
# Visual Studio Version 17
VisualStudioVersion = 17.3.32929.385
MinimumVisualStudioVersion = 10.0.40219.1
Project("{FAE04EC0-301F-11D3-BF4B-00C04F79EFBC}") = "Interface", "Interface\Interface.csproj", "{4BFDDB62-4CB1-416D-9CC8-88476B5F0704}"
EndProject
Global
	GlobalSection(SolutionConfigurationPlatforms) = preSolution
		Debug|Any CPU = Debug|Any CPU
		Release|Any CPU = Release|Any CPU
	EndGlobalSection
	GlobalSection(ProjectConfigurationPlatforms) = postSolution
		{4BFDDB62-4CB1-416D-9CC8-88476B5F0704}.Debug|Any CPU.ActiveCfg = Debug|Any CPU
		{4BFDDB62-4CB1-416D-9CC8-88476B5F0704}.Debug|Any CPU.Build.0 = Debug|Any CPU
		{4BFDDB62-4CB1-416D-9CC8-88476B5F0704}.Release|Any CPU.ActiveCfg = Release|Any CPU
		{4BFDDB62-4CB1-416D-9CC8-88476B5F0704}.Release|Any CPU.Build.0 = Release|Any CPU
	EndGlobalSection
	GlobalSection(SolutionProperties) = preSolution
		HideSolutionNode = FALSE
	EndGlobalSection
	GlobalSection(ExtensibilityGlobals) = postSolution
		SolutionGuid = {7749B3EB-F5A6-4842-9910-6626D7FEDCF3}
	EndGlobalSection
EndGlobal
